
Microsoft Visual Studio Solution File, Format Version 12.00
# Visual Studio Version 17
VisualStudioVersion = 17.13.35919.96 d17.13
MinimumVisualStudioVersion = 10.0.40219.1
Project("{FAE04EC0-301F-11D3-BF4B-00C04F79EFBC}") = "es", "es\es.csproj", "{E0A04826-A2D4-4ED3-A6F6-6D6235EE79B4}"
EndProject
Global
	GlobalSection(SolutionConfigurationPlatforms) = preSolution
		Debug|Any CPU = Debug|Any CPU
		Release|Any CPU = Release|Any CPU
	EndGlobalSection
	GlobalSection(ProjectConfigurationPlatforms) = postSolution
		{E0A04826-A2D4-4ED3-A6F6-6D6235EE79B4}.Debug|Any CPU.ActiveCfg = Debug|Any CPU
		{E0A04826-A2D4-4ED3-A6F6-6D6235EE79B4}.Debug|Any CPU.Build.0 = Debug|Any CPU
		{E0A04826-A2D4-4ED3-A6F6-6D6235EE79B4}.Release|Any CPU.ActiveCfg = Release|Any CPU
		{E0A04826-A2D4-4ED3-A6F6-6D6235EE79B4}.Release|Any CPU.Build.0 = Release|Any CPU
	EndGlobalSection
	GlobalSection(SolutionProperties) = preSolution
		HideSolutionNode = FALSE
	EndGlobalSection
	GlobalSection(ExtensibilityGlobals) = postSolution
		SolutionGuid = {E1CAFAE5-B664-4284-9941-8E5C3D8E5DBD}
	EndGlobalSection
EndGlobal
